# THIS IS AN AUTOGENERATED FILE. DO NOT EDIT THIS FILE DIRECTLY.
# yarn lockfile v1


builder-pattern@^2.2.0:
  version "2.2.0"
  resolved "https://registry.yarnpkg.com/builder-pattern/-/builder-pattern-2.2.0.tgz#f1e56f889282486fb5b3852947e91cd09cfe7b79"
  integrity sha512-cES3qdeBzA4QyJi7rV/l/kAhIFX6AKo3vK66ZPXLNpjcQWCS8sjLKscly8imlfW2YPTo/hquMRMnaWpZ80Kj+g==
